
Microsoft Visual Studio Solution File, Format Version 12.00
# Visual Studio 15
VisualStudioVersion = 15.0.28307.329
MinimumVisualStudioVersion = 10.0.40219.1
Project("{2150E333-8FDC-42A3-9474-1A3956D46DE8}") = "Solution Items", "Solution Items", "{00989F37-18E7-4BCC-BC5F-5DBF8E97D15F}"
	ProjectSection(SolutionItems) = preProject
		bitbucket-pipelines.yml = bitbucket-pipelines.yml
		README.md = README.md
		StoryBlog.cer = StoryBlog.cer
		StoryBlog.pfx = StoryBlog.pfx
		StoryBlog.pvk = StoryBlog.pvk
		StoryBlog.zip = StoryBlog.zip
	EndProjectSection
EndProject
Project("{2150E333-8FDC-42A3-9474-1A3956D46DE8}") = "src", "src", "{8D410B54-BC2F-4A74-96A2-F3042826E2FA}"
EndProject
Project("{2150E333-8FDC-42A3-9474-1A3956D46DE8}") = "Services", "Services", "{8E0721E9-EECA-4D5E-96D6-1DB3291BDD9B}"
EndProject
Project("{2150E333-8FDC-42A3-9474-1A3956D46DE8}") = "Web Apps", "Web Apps", "{88C57C89-346F-4F54-AF21-B2160F6CEE61}"
EndProject
Project("{2150E333-8FDC-42A3-9474-1A3956D46DE8}") = "Identity", "Identity", "{053B4133-B83C-4649-AC54-A03BA6B7D614}"
EndProject
Project("{9A19103F-16F7-4668-BE54-9A1E7A4F7556}") = "Identity.API", "src\Services\Identity\StoryBlog.Web.Services.Identity.API\Identity.API.csproj", "{A3B52C4E-54CA-4233-83EA-A4BAA2669F90}"
EndProject
Project("{2150E333-8FDC-42A3-9474-1A3956D46DE8}") = "Blog", "Blog", "{605EB559-AD43-4003-BA83-5B92664B2D2E}"
EndProject
Project("{9A19103F-16F7-4668-BE54-9A1E7A4F7556}") = "Blog.API", "src\Services\Blog\StoryBlog.Web.Services.Blog.API\Blog.API.csproj", "{151E157F-CEBD-4F8D-9D12-64503AAB01AB}"
EndProject
Project("{9A19103F-16F7-4668-BE54-9A1E7A4F7556}") = "Blog.Domain", "src\Services\Blog\StoryBlog.Web.Services.Blog.Domain\Blog.Domain.csproj", "{19C28BA7-4DFD-44F9-BD9C-8D2AA7D01234}"
EndProject
Project("{2150E333-8FDC-42A3-9474-1A3956D46DE8}") = "Shared", "Shared", "{920EC233-08A7-47FB-A89C-B703CAFFB4C0}"
EndProject
Project("{2150E333-8FDC-42A3-9474-1A3956D46DE8}") = "tests", "tests", "{25C5CBE5-2A2F-4353-8C11-0A4BCA9EC684}"
EndProject
Project("{9A19103F-16F7-4668-BE54-9A1E7A4F7556}") = "Shared.Data.Csv", "src\Services\Shared\StoryBlog.Web.Services.Shared.Data.Csv\Shared.Data.Csv.csproj", "{1D5EF535-D71D-4798-857C-2FD76701D056}"
EndProject
Project("{2150E333-8FDC-42A3-9474-1A3956D46DE8}") = "Services", "Services", "{B3B7FDEB-5908-420C-AC0A-1E6303E4A6BF}"
EndProject
Project("{9A19103F-16F7-4668-BE54-9A1E7A4F7556}") = "StoryBlog.Tests.Services.Data.Csv", "tests\Services\StoryBlog.Tests.Services.Data.Csv\StoryBlog.Tests.Services.Data.Csv.csproj", "{340A3813-0A43-458C-BB06-2C6ADF36092E}"
EndProject
Project("{9A19103F-16F7-4668-BE54-9A1E7A4F7556}") = "Shared.Common", "src\Services\Shared\StoryBlog.Web.Services.Shared.Common\Shared.Common.csproj", "{E645C59C-0C57-4BFE-A7F7-7891C2CDE2FB}"
EndProject
Project("{9A19103F-16F7-4668-BE54-9A1E7A4F7556}") = "Identity.Domain", "src\Services\Identity\StoryBlog.Web.Services.Identity.Domain\Identity.Domain.csproj", "{F298AD78-E8CB-46F8-8AC3-2B79C32DFAD9}"
EndProject
Project("{9A19103F-16F7-4668-BE54-9A1E7A4F7556}") = "Shared.Captcha", "src\Services\Shared\StoryBlog.Web.Services.Shared.Captcha\Shared.Captcha.csproj", "{2BFE8549-C6D6-4FDB-87E4-D97DF18CC9CE}"
EndProject
Project("{9A19103F-16F7-4668-BE54-9A1E7A4F7556}") = "Blog.Application", "src\Services\Blog\StoryBlog.Web.Services.Blog.Application\Blog.Application.csproj", "{1389B6C8-63C9-4157-8D2E-0ACCC0DCE9CA}"
EndProject
Project("{9A19103F-16F7-4668-BE54-9A1E7A4F7556}") = "Blog.Infrastructure", "src\Services\Blog\StoryBlog.Web.Services.Blog.Infrastructure\Blog.Infrastructure.csproj", "{FBE54EC1-792B-4CC8-830D-D3CF7728977A}"
EndProject
Project("{9A19103F-16F7-4668-BE54-9A1E7A4F7556}") = "Blog.Persistence", "src\Services\Blog\StoryBlog.Web.Services.Blog.Persistence\Blog.Persistence.csproj", "{091CB37A-80A0-499D-8ADF-B2C1B843EDEC}"
EndProject
Project("{9A19103F-16F7-4668-BE54-9A1E7A4F7556}") = "Identity.Application", "src\Services\Identity\StoryBlog.Web.Services.Identity.Application\Identity.Application.csproj", "{E5E06603-5E6A-4FEF-8AA1-AC73234FC9BF}"
EndProject
Project("{9A19103F-16F7-4668-BE54-9A1E7A4F7556}") = "Identity.Persistence", "src\Services\Identity\StoryBlog.Web.Services.Identity.Persistence\Identity.Persistence.csproj", "{77BD0E49-D161-4AF2-B872-E3E19313F431}"
EndProject
Project("{9A19103F-16F7-4668-BE54-9A1E7A4F7556}") = "Blog.Common", "src\Services\Blog\StoryBlog.Web.Services.Blog.Common\Blog.Common.csproj", "{8F641526-0D13-4F74-901C-16258C6DBF4D}"
EndProject
Project("{9A19103F-16F7-4668-BE54-9A1E7A4F7556}") = "Blazor.Client", "src\Web Apps\StoryBlog.Web.Blazor.Client\Blazor.Client.csproj", "{193BEA1A-7151-46DB-AED1-E5FAFE14F3C3}"
EndProject
Global
	GlobalSection(SolutionConfigurationPlatforms) = preSolution
		Debug|Any CPU = Debug|Any CPU
		Release|Any CPU = Release|Any CPU
	EndGlobalSection
	GlobalSection(ProjectConfigurationPlatforms) = postSolution
		{A3B52C4E-54CA-4233-83EA-A4BAA2669F90}.Debug|Any CPU.ActiveCfg = Debug|Any CPU
		{A3B52C4E-54CA-4233-83EA-A4BAA2669F90}.Debug|Any CPU.Build.0 = Debug|Any CPU
		{A3B52C4E-54CA-4233-83EA-A4BAA2669F90}.Release|Any CPU.ActiveCfg = Release|Any CPU
		{A3B52C4E-54CA-4233-83EA-A4BAA2669F90}.Release|Any CPU.Build.0 = Release|Any CPU
		{151E157F-CEBD-4F8D-9D12-64503AAB01AB}.Debug|Any CPU.ActiveCfg = Debug|Any CPU
		{151E157F-CEBD-4F8D-9D12-64503AAB01AB}.Debug|Any CPU.Build.0 = Debug|Any CPU
		{151E157F-CEBD-4F8D-9D12-64503AAB01AB}.Release|Any CPU.ActiveCfg = Release|Any CPU
		{151E157F-CEBD-4F8D-9D12-64503AAB01AB}.Release|Any CPU.Build.0 = Release|Any CPU
		{19C28BA7-4DFD-44F9-BD9C-8D2AA7D01234}.Debug|Any CPU.ActiveCfg = Debug|Any CPU
		{19C28BA7-4DFD-44F9-BD9C-8D2AA7D01234}.Debug|Any CPU.Build.0 = Debug|Any CPU
		{19C28BA7-4DFD-44F9-BD9C-8D2AA7D01234}.Release|Any CPU.ActiveCfg = Release|Any CPU
		{19C28BA7-4DFD-44F9-BD9C-8D2AA7D01234}.Release|Any CPU.Build.0 = Release|Any CPU
		{1D5EF535-D71D-4798-857C-2FD76701D056}.Debug|Any CPU.ActiveCfg = Debug|Any CPU
		{1D5EF535-D71D-4798-857C-2FD76701D056}.Debug|Any CPU.Build.0 = Debug|Any CPU
		{1D5EF535-D71D-4798-857C-2FD76701D056}.Release|Any CPU.ActiveCfg = Release|Any CPU
		{1D5EF535-D71D-4798-857C-2FD76701D056}.Release|Any CPU.Build.0 = Release|Any CPU
		{340A3813-0A43-458C-BB06-2C6ADF36092E}.Debug|Any CPU.ActiveCfg = Debug|Any CPU
		{340A3813-0A43-458C-BB06-2C6ADF36092E}.Debug|Any CPU.Build.0 = Debug|Any CPU
		{340A3813-0A43-458C-BB06-2C6ADF36092E}.Release|Any CPU.ActiveCfg = Release|Any CPU
		{340A3813-0A43-458C-BB06-2C6ADF36092E}.Release|Any CPU.Build.0 = Release|Any CPU
		{E645C59C-0C57-4BFE-A7F7-7891C2CDE2FB}.Debug|Any CPU.ActiveCfg = Debug|Any CPU
		{E645C59C-0C57-4BFE-A7F7-7891C2CDE2FB}.Debug|Any CPU.Build.0 = Debug|Any CPU
		{E645C59C-0C57-4BFE-A7F7-7891C2CDE2FB}.Release|Any CPU.ActiveCfg = Release|Any CPU
		{E645C59C-0C57-4BFE-A7F7-7891C2CDE2FB}.Release|Any CPU.Build.0 = Release|Any CPU
		{F298AD78-E8CB-46F8-8AC3-2B79C32DFAD9}.Debug|Any CPU.ActiveCfg = Debug|Any CPU
		{F298AD78-E8CB-46F8-8AC3-2B79C32DFAD9}.Debug|Any CPU.Build.0 = Debug|Any CPU
		{F298AD78-E8CB-46F8-8AC3-2B79C32DFAD9}.Release|Any CPU.ActiveCfg = Release|Any CPU
		{F298AD78-E8CB-46F8-8AC3-2B79C32DFAD9}.Release|Any CPU.Build.0 = Release|Any CPU
		{2BFE8549-C6D6-4FDB-87E4-D97DF18CC9CE}.Debug|Any CPU.ActiveCfg = Debug|Any CPU
		{2BFE8549-C6D6-4FDB-87E4-D97DF18CC9CE}.Debug|Any CPU.Build.0 = Debug|Any CPU
		{2BFE8549-C6D6-4FDB-87E4-D97DF18CC9CE}.Release|Any CPU.ActiveCfg = Release|Any CPU
		{2BFE8549-C6D6-4FDB-87E4-D97DF18CC9CE}.Release|Any CPU.Build.0 = Release|Any CPU
		{1389B6C8-63C9-4157-8D2E-0ACCC0DCE9CA}.Debug|Any CPU.ActiveCfg = Debug|Any CPU
		{1389B6C8-63C9-4157-8D2E-0ACCC0DCE9CA}.Debug|Any CPU.Build.0 = Debug|Any CPU
		{1389B6C8-63C9-4157-8D2E-0ACCC0DCE9CA}.Release|Any CPU.ActiveCfg = Release|Any CPU
		{1389B6C8-63C9-4157-8D2E-0ACCC0DCE9CA}.Release|Any CPU.Build.0 = Release|Any CPU
		{FBE54EC1-792B-4CC8-830D-D3CF7728977A}.Debug|Any CPU.ActiveCfg = Debug|Any CPU
		{FBE54EC1-792B-4CC8-830D-D3CF7728977A}.Debug|Any CPU.Build.0 = Debug|Any CPU
		{FBE54EC1-792B-4CC8-830D-D3CF7728977A}.Release|Any CPU.ActiveCfg = Release|Any CPU
		{FBE54EC1-792B-4CC8-830D-D3CF7728977A}.Release|Any CPU.Build.0 = Release|Any CPU
		{091CB37A-80A0-499D-8ADF-B2C1B843EDEC}.Debug|Any CPU.ActiveCfg = Debug|Any CPU
		{091CB37A-80A0-499D-8ADF-B2C1B843EDEC}.Debug|Any CPU.Build.0 = Debug|Any CPU
		{091CB37A-80A0-499D-8ADF-B2C1B843EDEC}.Release|Any CPU.ActiveCfg = Release|Any CPU
		{091CB37A-80A0-499D-8ADF-B2C1B843EDEC}.Release|Any CPU.Build.0 = Release|Any CPU
		{E5E06603-5E6A-4FEF-8AA1-AC73234FC9BF}.Debug|Any CPU.ActiveCfg = Debug|Any CPU
		{E5E06603-5E6A-4FEF-8AA1-AC73234FC9BF}.Debug|Any CPU.Build.0 = Debug|Any CPU
		{E5E06603-5E6A-4FEF-8AA1-AC73234FC9BF}.Release|Any CPU.ActiveCfg = Release|Any CPU
		{E5E06603-5E6A-4FEF-8AA1-AC73234FC9BF}.Release|Any CPU.Build.0 = Release|Any CPU
		{77BD0E49-D161-4AF2-B872-E3E19313F431}.Debug|Any CPU.ActiveCfg = Debug|Any CPU
		{77BD0E49-D161-4AF2-B872-E3E19313F431}.Debug|Any CPU.Build.0 = Debug|Any CPU
		{77BD0E49-D161-4AF2-B872-E3E19313F431}.Release|Any CPU.ActiveCfg = Release|Any CPU
		{77BD0E49-D161-4AF2-B872-E3E19313F431}.Release|Any CPU.Build.0 = Release|Any CPU
		{8F641526-0D13-4F74-901C-16258C6DBF4D}.Debug|Any CPU.ActiveCfg = Debug|Any CPU
		{8F641526-0D13-4F74-901C-16258C6DBF4D}.Debug|Any CPU.Build.0 = Debug|Any CPU
		{8F641526-0D13-4F74-901C-16258C6DBF4D}.Release|Any CPU.ActiveCfg = Release|Any CPU
		{8F641526-0D13-4F74-901C-16258C6DBF4D}.Release|Any CPU.Build.0 = Release|Any CPU
		{193BEA1A-7151-46DB-AED1-E5FAFE14F3C3}.Debug|Any CPU.ActiveCfg = Debug|Any CPU
		{193BEA1A-7151-46DB-AED1-E5FAFE14F3C3}.Debug|Any CPU.Build.0 = Debug|Any CPU
		{193BEA1A-7151-46DB-AED1-E5FAFE14F3C3}.Release|Any CPU.ActiveCfg = Release|Any CPU
		{193BEA1A-7151-46DB-AED1-E5FAFE14F3C3}.Release|Any CPU.Build.0 = Release|Any CPU
	EndGlobalSection
	GlobalSection(SolutionProperties) = preSolution
		HideSolutionNode = FALSE
	EndGlobalSection
	GlobalSection(NestedProjects) = preSolution
		{8E0721E9-EECA-4D5E-96D6-1DB3291BDD9B} = {8D410B54-BC2F-4A74-96A2-F3042826E2FA}
		{88C57C89-346F-4F54-AF21-B2160F6CEE61} = {8D410B54-BC2F-4A74-96A2-F3042826E2FA}
		{053B4133-B83C-4649-AC54-A03BA6B7D614} = {8E0721E9-EECA-4D5E-96D6-1DB3291BDD9B}
		{A3B52C4E-54CA-4233-83EA-A4BAA2669F90} = {053B4133-B83C-4649-AC54-A03BA6B7D614}
		{605EB559-AD43-4003-BA83-5B92664B2D2E} = {8E0721E9-EECA-4D5E-96D6-1DB3291BDD9B}
		{151E157F-CEBD-4F8D-9D12-64503AAB01AB} = {605EB559-AD43-4003-BA83-5B92664B2D2E}
		{19C28BA7-4DFD-44F9-BD9C-8D2AA7D01234} = {605EB559-AD43-4003-BA83-5B92664B2D2E}
		{920EC233-08A7-47FB-A89C-B703CAFFB4C0} = {8E0721E9-EECA-4D5E-96D6-1DB3291BDD9B}
		{1D5EF535-D71D-4798-857C-2FD76701D056} = {920EC233-08A7-47FB-A89C-B703CAFFB4C0}
		{B3B7FDEB-5908-420C-AC0A-1E6303E4A6BF} = {25C5CBE5-2A2F-4353-8C11-0A4BCA9EC684}
		{340A3813-0A43-458C-BB06-2C6ADF36092E} = {B3B7FDEB-5908-420C-AC0A-1E6303E4A6BF}
		{E645C59C-0C57-4BFE-A7F7-7891C2CDE2FB} = {920EC233-08A7-47FB-A89C-B703CAFFB4C0}
		{F298AD78-E8CB-46F8-8AC3-2B79C32DFAD9} = {053B4133-B83C-4649-AC54-A03BA6B7D614}
		{2BFE8549-C6D6-4FDB-87E4-D97DF18CC9CE} = {920EC233-08A7-47FB-A89C-B703CAFFB4C0}
		{1389B6C8-63C9-4157-8D2E-0ACCC0DCE9CA} = {605EB559-AD43-4003-BA83-5B92664B2D2E}
		{FBE54EC1-792B-4CC8-830D-D3CF7728977A} = {605EB559-AD43-4003-BA83-5B92664B2D2E}
		{091CB37A-80A0-499D-8ADF-B2C1B843EDEC} = {605EB559-AD43-4003-BA83-5B92664B2D2E}
		{E5E06603-5E6A-4FEF-8AA1-AC73234FC9BF} = {053B4133-B83C-4649-AC54-A03BA6B7D614}
		{77BD0E49-D161-4AF2-B872-E3E19313F431} = {053B4133-B83C-4649-AC54-A03BA6B7D614}
		{8F641526-0D13-4F74-901C-16258C6DBF4D} = {605EB559-AD43-4003-BA83-5B92664B2D2E}
		{193BEA1A-7151-46DB-AED1-E5FAFE14F3C3} = {88C57C89-346F-4F54-AF21-B2160F6CEE61}
	EndGlobalSection
	GlobalSection(ExtensibilityGlobals) = postSolution
		SolutionGuid = {2BDF20E6-9CFF-444E-88D4-B67EF316084F}
	EndGlobalSection
EndGlobal
